// !$*UTF8*$!
{
	archiveVersion = 1;
	classes = {
	};
	objectVersion = 46;
	objects = {

/* Begin PBXBuildFile section */
		A1AB563D1A77172D008074EC /* AppDelegate.swift in Sources */ = {isa = PBXBuildFile; fileRef = A1AB563C1A77172D008074EC /* AppDelegate.swift */; };
		A1AB563F1A77172D008074EC /* ViewController.swift in Sources */ = {isa = PBXBuildFile; fileRef = A1AB563E1A77172D008074EC /* ViewController.swift */; };
		A1AB56421A77172D008074EC /* Main.storyboard in Resources */ = {isa = PBXBuildFile; fileRef = A1AB56401A77172D008074EC /* Main.storyboard */; };
		A1AB56441A77172D008074EC /* Images.xcassets in Resources */ = {isa = PBXBuildFile; fileRef = A1AB56431A77172D008074EC /* Images.xcassets */; };
		A1AB56471A77172D008074EC /* LaunchScreen.xib in Resources */ = {isa = PBXBuildFile; fileRef = A1AB56451A77172D008074EC /* LaunchScreen.xib */; };
		A1AB56531A77172D008074EC /* Baby_GameTests.swift in Sources */ = {isa = PBXBuildFile; fileRef = A1AB56521A77172D008074EC /* Baby_GameTests.swift */; };
/* End PBXBuildFile section */

/* Begin PBXContainerItemProxy section */
		A1AB564D1A77172D008074EC /* PBXContainerItemProxy */ = {
			isa = PBXContainerItemProxy;
			containerPortal = A1AB562F1A77172D008074EC /* Project object */;
			proxyType = 1;
			remoteGlobalIDString = A1AB56361A77172D008074EC;
			remoteInfo = "Baby Game";
		};
/* End PBXContainerItemProxy section */

/* Begin PBXFileReference section */
		A1AB56371A77172D008074EC /* Baby Game.app */ = {isa = PBXFileReference; explicitFileType = wrapper.application; includeInIndex = 0; path = "Baby Game.app"; sourceTree = BUILT_PRODUCTS_DIR; };
		A1AB563B1A77172D008074EC /* Info.plist */ = {isa = PBXFileReference; lastKnownFileType = text.plist.xml; path = Info.plist; sourceTree = "<group>"; };
		A1AB563C1A77172D008074EC /* AppDelegate.swift */ = {isa = PBXFileReference; lastKnownFileType = sourcecode.swift; path = AppDelegate.swift; sourceTree = "<group>"; };
		A1AB563E1A77172D008074EC /* ViewController.swift */ = {isa = PBXFileReference; lastKnownFileType = sourcecode.swift; path = ViewController.swift; sourceTree = "<group>"; };
		A1AB56411A77172D008074EC /* Base */ = {isa = PBXFileReference; lastKnownFileType = file.storyboard; name = Base; path = Base.lproj/Main.storyboard; sourceTree = "<group>"; };
		A1AB56431A77172D008074EC /* Images.xcassets */ = {isa = PBXFileReference; lastKnownFileType = folder.assetcatalog; path = Images.xcassets; sourceTree = "<group>"; };
		A1AB56461A77172D008074EC /* Base */ = {isa = PBXFileReference; lastKnownFileType = file.xib; name = Base; path = Base.lproj/LaunchScreen.xib; sourceTree = "<group>"; };
		A1AB564C1A77172D008074EC /* Baby GameTests.xctest */ = {isa = PBXFileReference; explicitFileType = wrapper.cfbundle; includeInIndex = 0; path = "Baby GameTests.xctest"; sourceTree = BUILT_PRODUCTS_DIR; };
		A1AB56511A77172D008074EC /* Info.plist */ = {isa = PBXFileReference; lastKnownFileType = text.plist.xml; path = Info.plist; sourceTree = "<group>"; };
		A1AB56521A77172D008074EC /* Baby_GameTests.swift */ = {isa = PBXFileReference; lastKnownFileType = sourcecode.swift; path = Baby_GameTests.swift; sourceTree = "<group>"; };
/* End PBXFileReference section */

/* Begin PBXFrameworksBuildPhase section */
		A1AB56341A77172D008074EC /* Frameworks */ = {
			isa = PBXFrameworksBuildPhase;
			buildActionMask = 2147483647;
			files = (
			);
			runOnlyForDeploymentPostprocessing = 0;
		};
		A1AB56491A77172D008074EC /* Frameworks */ = {
			isa = PBXFrameworksBuildPhase;
			buildActionMask = 2147483647;
			files = (
			);
			runOnlyForDeploymentPostprocessing = 0;
		};
/* End PBXFrameworksBuildPhase section */

/* Begin PBXGroup section */
		A1AB562E1A77172D008074EC = {
			isa = PBXGroup;
			children = (
				A1AB56391A77172D008074EC /* Baby Game */,
				A1AB564F1A77172D008074EC /* Baby GameTests */,
				A1AB56381A77172D008074EC /* Products */,
			);
			sourceTree = "<group>";
		};
		A1AB56381A77172D008074EC /* Products */ = {
			isa = PBXGroup;
			children = (
				A1AB56371A77172D008074EC /* Baby Game.app */,
				A1AB564C1A77172D008074EC /* Baby GameTests.xctest */,
			);
			name = Products;
			sourceTree = "<group>";
		};
		A1AB56391A77172D008074EC /* Baby Game */ = {
			isa = PBXGroup;
			children = (
				A1AB563C1A77172D008074EC /* AppDelegate.swift */,
				A1AB563E1A77172D008074EC /* ViewController.swift */,
				A1AB56401A77172D008074EC /* Main.storyboard */,
				A1AB56431A77172D008074EC /* Images.xcassets */,
				A1AB56451A77172D008074EC /* LaunchScreen.xib */,
				A1AB563A1A77172D008074EC /* Supporting Files */,
			);
			path = "Baby Game";
			sourceTree = "<group>";
		};
		A1AB563A1A77172D008074EC /* Supporting Files */ = {
			isa = PBXGroup;
			children = (
				A1AB563B1A77172D008074EC /* Info.plist */,
			);
			name = "Supporting Files";
			sourceTree = "<group>";
		};
		A1AB564F1A77172D008074EC /* Baby GameTests */ = {
			isa = PBXGroup;
			children = (
				A1AB56521A77172D008074EC /* Baby_GameTests.swift */,
				A1AB56501A77172D008074EC /* Supporting Files */,
			);
			path = "Baby GameTests";
			sourceTree = "<group>";
		};
		A1AB56501A77172D008074EC /* Supporting Files */ = {
			isa = PBXGroup;
			children = (
				A1AB56511A77172D008074EC /* Info.plist */,
			);
			name = "Supporting Files";
			sourceTree = "<group>";
		};
/* End PBXGroup section */

/* Begin PBXNativeTarget section */
		A1AB56361A77172D008074EC /* Baby Game */ = {
			isa = PBXNativeTarget;
			buildConfigurationList = A1AB56561A77172D008074EC /* Build configuration list for PBXNativeTarget "Baby Game" */;
			buildPhases = (
				A1AB56331A77172D008074EC /* Sources */,
				A1AB56341A77172D008074EC /* Frameworks */,
				A1AB56351A77172D008074EC /* Resources */,
			);
			buildRules = (
			);
			dependencies = (
			);
			name = "Baby Game";
			productName = "Baby Game";
			productReference = A1AB56371A77172D008074EC /* Baby Game.app */;
			productType = "com.apple.product-type.application";
		};
		A1AB564B1A77172D008074EC /* Baby GameTests */ = {
			isa = PBXNativeTarget;
			buildConfigurationList = A1AB56591A77172D008074EC /* Build configuration list for PBXNativeTarget "Baby GameTests" */;
			buildPhases = (
				A1AB56481A77172D008074EC /* Sources */,
				A1AB56491A77172D008074EC /* Frameworks */,
				A1AB564A1A77172D008074EC /* Resources */,
			);
			buildRules = (
			);
			dependencies = (
				A1AB564E1A77172D008074EC /* PBXTargetDependency */,
			);
			name = "Baby GameTests";
			productName = "Baby GameTests";
			productReference = A1AB564C1A77172D008074EC /* Baby GameTests.xctest */;
			productType = "com.apple.product-type.bundle.unit-test";
		};
/* End PBXNativeTarget section */

/* Begin PBXProject section */
		A1AB562F1A77172D008074EC /* Project object */ = {
			isa = PBXProject;
			attributes = {
				LastUpgradeCheck = 0610;
				ORGANIZATIONNAME = "Lisa Weir";
				TargetAttributes = {
					A1AB56361A77172D008074EC = {
						CreatedOnToolsVersion = 6.1.1;
						DevelopmentTeam = 95X796A92T;
					};
					A1AB564B1A77172D008074EC = {
						CreatedOnToolsVersion = 6.1.1;
						TestTargetID = A1AB56361A77172D008074EC;
					};
				};
			};
			buildConfigurationList = A1AB56321A77172D008074EC /* Build configuration list for PBXProject "Baby Game" */;
			compatibilityVersion = "Xcode 3.2";
			developmentRegion = English;
			hasScannedForEncodings = 0;
			knownRegions = (
				en,
				Base,
			);
			mainGroup = A1AB562E1A77172D008074EC;
			productRefGroup = A1AB56381A77172D008074EC /* Products */;
			projectDirPath = "";
			projectRoot = "";
			targets = (
				A1AB56361A77172D008074EC /* Baby Game */,
				A1AB564B1A77172D008074EC /* Baby GameTests */,
			);
		};
/* End PBXProject section */

/* Begin PBXResourcesBuildPhase section */
		A1AB56351A77172D008074EC /* Resources */ = {
			isa = PBXResourcesBuildPhase;
			buildActionMask = 2147483647;
			files = (
				A1AB56421A77172D008074EC /* Main.storyboard in Resources */,
				A1AB56471A77172D008074EC /* LaunchScreen.xib in Resources */,
				A1AB56441A77172D008074EC /* Images.xcassets in Resources */,
			);
			runOnlyForDeploymentPostprocessing = 0;
		};
		A1AB564A1A77172D008074EC /* Resources */ = {
			isa = PBXResourcesBuildPhase;
			buildActionMask = 2147483647;
			files = (
			);
			runOnlyForDeploymentPostprocessing = 0;
		};
/* End PBXResourcesBuildPhase section */

/* Begin PBXSourcesBuildPhase section */
		A1AB56331A77172D008074EC /* Sources */ = {
			isa = PBXSourcesBuildPhase;
			buildActionMask = 2147483647;
			files = (
				A1AB563F1A77172D008074EC /* ViewController.swift in Sources */,
				A1AB563D1A77172D008074EC /* AppDelegate.swift in Sources */,
			);
			runOnlyForDeploymentPostprocessing = 0;
		};
		A1AB56481A77172D008074EC /* Sources */ = {
			isa = PBXSourcesBuildPhase;
			buildActionMask = 2147483647;
			files = (
				A1AB56531A77172D008074EC /* Baby_GameTests.swift in Sources */,
			);
			runOnlyForDeploymentPostprocessing = 0;
		};
/* End PBXSourcesBuildPhase section */

/* Begin PBXTargetDependency section */
		A1AB564E1A77172D008074EC /* PBXTargetDependency */ = {
			isa = PBXTargetDependency;
			target = A1AB56361A77172D008074EC /* Baby Game */;
			targetProxy = A1AB564D1A77172D008074EC /* PBXContainerItemProxy */;
		};
/* End PBXTargetDependency section */

/* Begin PBXVariantGroup section */
		A1AB56401A77172D008074EC /* Main.storyboard */ = {
			isa = PBXVariantGroup;
			children = (
				A1AB56411A77172D008074EC /* Base */,
			);
			name = Main.storyboard;
			sourceTree = "<group>";
		};
		A1AB56451A77172D008074EC /* LaunchScreen.xib */ = {
			isa = PBXVariantGroup;
			children = (
				A1AB56461A77172D008074EC /* Base */,
			);
			name = LaunchScreen.xib;
			sourceTree = "<group>";
		};
/* End PBXVariantGroup section */

/* Begin XCBuildConfiguration section */
		A1AB56541A77172D008074EC /* Debug */ = {
			isa = XCBuildConfiguration;
			buildSettings = {
				ALWAYS_SEARCH_USER_PATHS = NO;
				CLANG_CXX_LANGUAGE_STANDARD = "gnu++0x";
				CLANG_CXX_LIBRARY = "libc++";
				CLANG_ENABLE_MODULES = YES;
				CLANG_ENABLE_OBJC_ARC = YES;
				CLANG_WARN_BOOL_CONVERSION = YES;
				CLANG_WARN_CONSTANT_CONVERSION = YES;
				CLANG_WARN_DIRECT_OBJC_ISA_USAGE = YES_ERROR;
				CLANG_WARN_EMPTY_BODY = YES;
				CLANG_WARN_ENUM_CONVERSION = YES;
				CLANG_WARN_INT_CONVERSION = YES;
				CLANG_WARN_OBJC_ROOT_CLASS = YES_ERROR;
				CLANG_WARN_UNREACHABLE_CODE = YES;
				CLANG_WARN__DUPLICATE_METHOD_MATCH = YES;
				"CODE_SIGN_IDENTITY[sdk=iphoneos*]" = "iPhone Developer";
				COPY_PHASE_STRIP = NO;
				ENABLE_STRICT_OBJC_MSGSEND = YES;
				GCC_C_LANGUAGE_STANDARD = gnu99;
				GCC_DYNAMIC_NO_PIC = NO;
				GCC_OPTIMIZATION_LEVEL = 0;
				GCC_PREPROCESSOR_DEFINITIONS = (
					"DEBUG=1",
					"$(inherited)",
				);
				GCC_SYMBOLS_PRIVATE_EXTERN = NO;
				GCC_WARN_64_TO_32_BIT_CONVERSION = YES;
				GCC_WARN_ABOUT_RETURN_TYPE = YES_ERROR;
				GCC_WARN_UNDECLARED_SELECTOR = YES;
				GCC_WARN_UNINITIALIZED_AUTOS = YES_AGGRESSIVE;
				GCC_WARN_UNUSED_FUNCTION = YES;
				GCC_WARN_UNUSED_VARIABLE = YES;
				IPHONEOS_DEPLOYMENT_TARGET = 8.1;
				MTL_ENABLE_DEBUG_INFO = YES;
				ONLY_ACTIVE_ARCH = YES;
				SDKROOT = iphoneos;
				SWIFT_OPTIMIZATION_LEVEL = "-Onone";
				TARGETED_DEVICE_FAMILY = 2;
			};
			name = Debug;
		};
		A1AB56551A77172D008074EC /* Release */ = {
			isa = XCBuildConfiguration;
			buildSettings = {
				ALWAYS_SEARCH_USER_PATHS = NO;
				CLANG_CXX_LANGUAGE_STANDARD = "gnu++0x";
				CLANG_CXX_LIBRARY = "libc++";
				CLANG_ENABLE_MODULES = YES;
				CLANG_ENABLE_OBJC_ARC = YES;
				CLANG_WARN_BOOL_CONVERSION = YES;
				CLANG_WARN_CONSTANT_CONVERSION = YES;
				CLANG_WARN_DIRECT_OBJC_ISA_USAGE = YES_ERROR;
				CLANG_WARN_EMPTY_BODY = YES;
				CLANG_WARN_ENUM_CONVERSION = YES;
				CLANG_WARN_INT_CONVERSION = YES;
				CLANG_WARN_OBJC_ROOT_CLASS = YES_ERROR;
				CLANG_WARN_UNREACHABLE_CODE = YES;
				CLANG_WARN__DUPLICATE_METHOD_MATCH = YES;
				"CODE_SIGN_IDENTITY[sdk=iphoneos*]" = "iPhone Developer";
				COPY_PHASE_STRIP = YES;
				ENABLE_NS_ASSERTIONS = NO;
				ENABLE_STRICT_OBJC_MSGSEND = YES;
				GCC_C_LANGUAGE_STANDARD = gnu99;
				GCC_WARN_64_TO_32_BIT_CONVERSION = YES;
				GCC_WARN_ABOUT_RETURN_TYPE = YES_ERROR;
				GCC_WARN_UNDECLARED_SELECTOR = YES;
				GCC_WARN_UNINITIALIZED_AUTOS = YES_AGGRESSIVE;
				GCC_WARN_UNUSED_FUNCTION = YES;
				GCC_WARN_UNUSED_VARIABLE = YES;
				IPHONEOS_DEPLOYMENT_TARGET = 8.1;
				MTL_ENABLE_DEBUG_INFO = NO;
				SDKROOT = iphoneos;
				TARGETED_DEVICE_FAMILY = 2;
				VALIDATE_PRODUCT = YES;
			};
			name = Release;
		};
		A1AB56571A77172D008074EC /* Debug */ = {
			isa = XCBuildConfiguration;
			buildSettings = {
				ASSETCATALOG_COMPILER_APPICON_NAME = AppIcon;
				CODE_SIGN_IDENTITY = "iPhone Developer";
				INFOPLIST_FILE = "Baby Game/Info.plist";
				LD_RUNPATH_SEARCH_PATHS = "$(inherited) @executable_path/Frameworks";
				PRODUCT_NAME = "$(TARGET_NAME)";
			};
			name = Debug;
		};
		A1AB56581A77172D008074EC /* Release */ = {
			isa = XCBuildConfiguration;
			buildSettings = {
				ASSETCATALOG_COMPILER_APPICON_NAME = AppIcon;
				CODE_SIGN_IDENTITY = "iPhone Developer";
				INFOPLIST_FILE = "Baby Game/Info.plist";
				LD_RUNPATH_SEARCH_PATHS = "$(inherited) @executable_path/Frameworks";
				PRODUCT_NAME = "$(TARGET_NAME)";
			};
			name = Release;
		};
		A1AB565A1A77172D008074EC /* Debug */ = {
			isa = XCBuildConfiguration;
			buildSettings = {
				BUNDLE_LOADER = "$(TEST_HOST)";
				FRAMEWORK_SEARCH_PATHS = (
					"$(SDKROOT)/Developer/Library/Frameworks",
					"$(inherited)",
				);
				GCC_PREPROCESSOR_DEFINITIONS = (
					"DEBUG=1",
					"$(inherited)",
				);
				INFOPLIST_FILE = "Baby GameTests/Info.plist";
				LD_RUNPATH_SEARCH_PATHS = "$(inherited) @executable_path/Frameworks @loader_path/Frameworks";
				PRODUCT_NAME = "$(TARGET_NAME)";
				TEST_HOST = "$(BUILT_PRODUCTS_DIR)/Baby Game.app/Baby Game";
			};
			name = Debug;
		};
		A1AB565B1A77172D008074EC /* Release */ = {
			isa = XCBuildConfiguration;
			buildSettings = {
				BUNDLE_LOADER = "$(TEST_HOST)";
				FRAMEWORK_SEARCH_PATHS = (
					"$(SDKROOT)/Developer/Library/Frameworks",
					"$(inherited)",
				);
				INFOPLIST_FILE = "Baby GameTests/Info.plist";
				LD_RUNPATH_SEARCH_PATHS = "$(inherited) @executable_path/Frameworks @loader_path/Frameworks";
				PRODUCT_NAME = "$(TARGET_NAME)";
				TEST_HOST = "$(BUILT_PRODUCTS_DIR)/Baby Game.app/Baby Game";
			};
			name = Release;
		};
/* End XCBuildConfiguration section */

/* Begin XCConfigurationList section */
		A1AB56321A77172D008074EC /* Build configuration list for PBXProject "Baby Game" */ = {
			isa = XCConfigurationList;
			buildConfigurations = (
				A1AB56541A77172D008074EC /* Debug */,
				A1AB56551A77172D008074EC /* Release */,
			);
			defaultConfigurationIsVisible = 0;
			defaultConfigurationName = Release;
		};
		A1AB56561A77172D008074EC /* Build configuration list for PBXNativeTarget "Baby Game" */ = {
			isa = XCConfigurationList;
			buildConfigurations = (
				A1AB56571A77172D008074EC /* Debug */,
				A1AB56581A77172D008074EC /* Release */,
			);
			defaultConfigurationIsVisible = 0;
		};
		A1AB56591A77172D008074EC /* Build configuration list for PBXNativeTarget "Baby GameTests" */ = {
			isa = XCConfigurationList;
			buildConfigurations = (
				A1AB565A1A77172D008074EC /* Debug */,
				A1AB565B1A77172D008074EC /* Release */,
			);
			defaultConfigurationIsVisible = 0;
		};
/* End XCConfigurationList section */
	};
	rootObject = A1AB562F1A77172D008074EC /* Project object */;
}
